// !$*UTF8*$!
{
	archiveVersion = 1;
	classes = {
	};
	objectVersion = 48;
	objects = {

/* Begin PBXBuildFile section */
		56241E341FD3F78D00C1A828 /* HomeCell.swift in Sources */ = {isa = PBXBuildFile; fileRef = 56241E331FD3F78D00C1A828 /* HomeCell.swift */; };
		56241E361FD4060200C1A828 /* CreateGoalVC.swift in Sources */ = {isa = PBXBuildFile; fileRef = 56241E351FD4060200C1A828 /* CreateGoalVC.swift */; };
		56241E391FD406CA00C1A828 /* GoalType.swift in Sources */ = {isa = PBXBuildFile; fileRef = 56241E381FD406CA00C1A828 /* GoalType.swift */; };
		56241E401FD4115B00C1A828 /* UiViewExt.swift in Sources */ = {isa = PBXBuildFile; fileRef = 56241E3F1FD4115B00C1A828 /* UiViewExt.swift */; };
		56241E431FD419D600C1A828 /* FinishGoalVC.swift in Sources */ = {isa = PBXBuildFile; fileRef = 56241E421FD419D600C1A828 /* FinishGoalVC.swift */; };
		562D5CE51FD831F600B51393 /* Media.xcassets in Resources */ = {isa = PBXBuildFile; fileRef = 562D5CE41FD831F500B51393 /* Media.xcassets */; };
		563E66DB1FD4344400F8C352 /* customizeUIButton.swift in Sources */ = {isa = PBXBuildFile; fileRef = 563E66DA1FD4344400F8C352 /* customizeUIButton.swift */; };
		567CDA6C1FD6BA590087F64A /* UIViewControllerExt.swift in Sources */ = {isa = PBXBuildFile; fileRef = 567CDA6B1FD6BA590087F64A /* UIViewControllerExt.swift */; };
		56E127981FD3E45500B8877F /* AppDelegate.swift in Sources */ = {isa = PBXBuildFile; fileRef = 56E127971FD3E45500B8877F /* AppDelegate.swift */; };
		56E1279A1FD3E45500B8877F /* HomeVC.swift in Sources */ = {isa = PBXBuildFile; fileRef = 56E127991FD3E45500B8877F /* HomeVC.swift */; };
		56E1279D1FD3E45500B8877F /* Main.storyboard in Resources */ = {isa = PBXBuildFile; fileRef = 56E1279B1FD3E45500B8877F /* Main.storyboard */; };
		56E127A01FD3E45500B8877F /* Goal_Tracker.xcdatamodeld in Sources */ = {isa = PBXBuildFile; fileRef = 56E1279E1FD3E45500B8877F /* Goal_Tracker.xcdatamodeld */; };
		56E127A21FD3E45500B8877F /* Assets.xcassets in Resources */ = {isa = PBXBuildFile; fileRef = 56E127A11FD3E45500B8877F /* Assets.xcassets */; };
		56E127A51FD3E45500B8877F /* LaunchScreen.storyboard in Resources */ = {isa = PBXBuildFile; fileRef = 56E127A31FD3E45500B8877F /* LaunchScreen.storyboard */; };
		56E127B01FD3E50E00B8877F /* customizeUIVIew.swift in Sources */ = {isa = PBXBuildFile; fileRef = 56E127AF1FD3E50E00B8877F /* customizeUIVIew.swift */; };
/* End PBXBuildFile section */

/* Begin PBXFileReference section */
		56241E331FD3F78D00C1A828 /* HomeCell.swift */ = {isa = PBXFileReference; lastKnownFileType = sourcecode.swift; path = HomeCell.swift; sourceTree = "<group>"; };
		56241E351FD4060200C1A828 /* CreateGoalVC.swift */ = {isa = PBXFileReference; lastKnownFileType = sourcecode.swift; path = CreateGoalVC.swift; sourceTree = "<group>"; };
		56241E381FD406CA00C1A828 /* GoalType.swift */ = {isa = PBXFileReference; lastKnownFileType = sourcecode.swift; path = GoalType.swift; sourceTree = "<group>"; };
		56241E3F1FD4115B00C1A828 /* UiViewExt.swift */ = {isa = PBXFileReference; lastKnownFileType = sourcecode.swift; path = UiViewExt.swift; sourceTree = "<group>"; };
		56241E421FD419D600C1A828 /* FinishGoalVC.swift */ = {isa = PBXFileReference; lastKnownFileType = sourcecode.swift; path = FinishGoalVC.swift; sourceTree = "<group>"; };
		562D5CE41FD831F500B51393 /* Media.xcassets */ = {isa = PBXFileReference; lastKnownFileType = folder.assetcatalog; path = Media.xcassets; sourceTree = "<group>"; };
		563E66DA1FD4344400F8C352 /* customizeUIButton.swift */ = {isa = PBXFileReference; lastKnownFileType = sourcecode.swift; path = customizeUIButton.swift; sourceTree = "<group>"; };
		567CDA6B1FD6BA590087F64A /* UIViewControllerExt.swift */ = {isa = PBXFileReference; lastKnownFileType = sourcecode.swift; path = UIViewControllerExt.swift; sourceTree = "<group>"; };
		56E127941FD3E45500B8877F /* Goal Tracker.app */ = {isa = PBXFileReference; explicitFileType = wrapper.application; includeInIndex = 0; path = "Goal Tracker.app"; sourceTree = BUILT_PRODUCTS_DIR; };
		56E127971FD3E45500B8877F /* AppDelegate.swift */ = {isa = PBXFileReference; lastKnownFileType = sourcecode.swift; path = AppDelegate.swift; sourceTree = "<group>"; };
		56E127991FD3E45500B8877F /* HomeVC.swift */ = {isa = PBXFileReference; lastKnownFileType = sourcecode.swift; path = HomeVC.swift; sourceTree = "<group>"; };
		56E1279C1FD3E45500B8877F /* Base */ = {isa = PBXFileReference; lastKnownFileType = file.storyboard; name = Base; path = Base.lproj/Main.storyboard; sourceTree = "<group>"; };
		56E1279F1FD3E45500B8877F /* Goal_Tracker.xcdatamodel */ = {isa = PBXFileReference; lastKnownFileType = wrapper.xcdatamodel; path = Goal_Tracker.xcdatamodel; sourceTree = "<group>"; };
		56E127A11FD3E45500B8877F /* Assets.xcassets */ = {isa = PBXFileReference; lastKnownFileType = folder.assetcatalog; path = Assets.xcassets; sourceTree = "<group>"; };
		56E127A41FD3E45500B8877F /* Base */ = {isa = PBXFileReference; lastKnownFileType = file.storyboard; name = Base; path = Base.lproj/LaunchScreen.storyboard; sourceTree = "<group>"; };
		56E127A61FD3E45500B8877F /* Info.plist */ = {isa = PBXFileReference; lastKnownFileType = text.plist.xml; path = Info.plist; sourceTree = "<group>"; };
		56E127AF1FD3E50E00B8877F /* customizeUIVIew.swift */ = {isa = PBXFileReference; lastKnownFileType = sourcecode.swift; path = customizeUIVIew.swift; sourceTree = "<group>"; };
/* End PBXFileReference section */

/* Begin PBXFrameworksBuildPhase section */
		56E127911FD3E45500B8877F /* Frameworks */ = {
			isa = PBXFrameworksBuildPhase;
			buildActionMask = 2147483647;
			files = (
			);
			runOnlyForDeploymentPostprocessing = 0;
		};
/* End PBXFrameworksBuildPhase section */

/* Begin PBXGroup section */
		56241E371FD406BA00C1A828 /* Enumeration */ = {
			isa = PBXGroup;
			children = (
				56241E381FD406CA00C1A828 /* GoalType.swift */,
			);
			path = Enumeration;
			sourceTree = "<group>";
		};
		56241E3C1FD4110F00C1A828 /* Extension */ = {
			isa = PBXGroup;
			children = (
				56241E3F1FD4115B00C1A828 /* UiViewExt.swift */,
				567CDA6B1FD6BA590087F64A /* UIViewControllerExt.swift */,
			);
			path = Extension;
			sourceTree = "<group>";
		};
		56E1278B1FD3E45500B8877F = {
			isa = PBXGroup;
			children = (
				56E127961FD3E45500B8877F /* Goal Tracker */,
				56E127951FD3E45500B8877F /* Products */,
			);
			sourceTree = "<group>";
		};
		56E127951FD3E45500B8877F /* Products */ = {
			isa = PBXGroup;
			children = (
				56E127941FD3E45500B8877F /* Goal Tracker.app */,
			);
			name = Products;
			sourceTree = "<group>";
		};
		56E127961FD3E45500B8877F /* Goal Tracker */ = {
			isa = PBXGroup;
			children = (
				56241E3C1FD4110F00C1A828 /* Extension */,
				56241E371FD406BA00C1A828 /* Enumeration */,
				56E127AE1FD3E4D800B8877F /* Controller */,
				56E127AD1FD3E4D400B8877F /* View */,
				56E127971FD3E45500B8877F /* AppDelegate.swift */,
				56E1279B1FD3E45500B8877F /* Main.storyboard */,
				56E127A11FD3E45500B8877F /* Assets.xcassets */,
				562D5CE41FD831F500B51393 /* Media.xcassets */,
				56E127A31FD3E45500B8877F /* LaunchScreen.storyboard */,
				56E127A61FD3E45500B8877F /* Info.plist */,
				56E1279E1FD3E45500B8877F /* Goal_Tracker.xcdatamodeld */,
			);
			path = "Goal Tracker";
			sourceTree = "<group>";
		};
		56E127AD1FD3E4D400B8877F /* View */ = {
			isa = PBXGroup;
			children = (
				56E127AF1FD3E50E00B8877F /* customizeUIVIew.swift */,
				56241E331FD3F78D00C1A828 /* HomeCell.swift */,
				563E66DA1FD4344400F8C352 /* customizeUIButton.swift */,
			);
			path = View;
			sourceTree = "<group>";
		};
		56E127AE1FD3E4D800B8877F /* Controller */ = {
			isa = PBXGroup;
			children = (
				56E127991FD3E45500B8877F /* HomeVC.swift */,
				56241E351FD4060200C1A828 /* CreateGoalVC.swift */,
				56241E421FD419D600C1A828 /* FinishGoalVC.swift */,
			);
			path = Controller;
			sourceTree = "<group>";
		};
/* End PBXGroup section */

/* Begin PBXNativeTarget section */
		56E127931FD3E45500B8877F /* Goal Tracker */ = {
			isa = PBXNativeTarget;
			buildConfigurationList = 56E127A91FD3E45500B8877F /* Build configuration list for PBXNativeTarget "Goal Tracker" */;
			buildPhases = (
				56E127901FD3E45500B8877F /* Sources */,
				56E127911FD3E45500B8877F /* Frameworks */,
				56E127921FD3E45500B8877F /* Resources */,
			);
			buildRules = (
			);
			dependencies = (
			);
			name = "Goal Tracker";
			productName = "Goal Tracker";
			productReference = 56E127941FD3E45500B8877F /* Goal Tracker.app */;
			productType = "com.apple.product-type.application";
		};
/* End PBXNativeTarget section */

/* Begin PBXProject section */
		56E1278C1FD3E45500B8877F /* Project object */ = {
			isa = PBXProject;
			attributes = {
				LastSwiftUpdateCheck = 0910;
				LastUpgradeCheck = 0910;
				ORGANIZATIONNAME = "Sakar Pokhrel";
				TargetAttributes = {
					56E127931FD3E45500B8877F = {
						CreatedOnToolsVersion = 9.1;
						ProvisioningStyle = Automatic;
					};
				};
			};
			buildConfigurationList = 56E1278F1FD3E45500B8877F /* Build configuration list for PBXProject "Goal Tracker" */;
			compatibilityVersion = "Xcode 8.0";
			developmentRegion = en;
			hasScannedForEncodings = 0;
			knownRegions = (
				en,
				Base,
			);
			mainGroup = 56E1278B1FD3E45500B8877F;
			productRefGroup = 56E127951FD3E45500B8877F /* Products */;
			projectDirPath = "";
			projectRoot = "";
			targets = (
				56E127931FD3E45500B8877F /* Goal Tracker */,
			);
		};
/* End PBXProject section */

/* Begin PBXResourcesBuildPhase section */
		56E127921FD3E45500B8877F /* Resources */ = {
			isa = PBXResourcesBuildPhase;
			buildActionMask = 2147483647;
			files = (
				56E127A51FD3E45500B8877F /* LaunchScreen.storyboard in Resources */,
				56E127A21FD3E45500B8877F /* Assets.xcassets in Resources */,
				562D5CE51FD831F600B51393 /* Media.xcassets in Resources */,
				56E1279D1FD3E45500B8877F /* Main.storyboard in Resources */,
			);
			runOnlyForDeploymentPostprocessing = 0;
		};
/* End PBXResourcesBuildPhase section */

/* Begin PBXSourcesBuildPhase section */
		56E127901FD3E45500B8877F /* Sources */ = {
			isa = PBXSourcesBuildPhase;
			buildActionMask = 2147483647;
			files = (
				56E127B01FD3E50E00B8877F /* customizeUIVIew.swift in Sources */,
				567CDA6C1FD6BA590087F64A /* UIViewControllerExt.swift in Sources */,
				56241E391FD406CA00C1A828 /* GoalType.swift in Sources */,
				56241E361FD4060200C1A828 /* CreateGoalVC.swift in Sources */,
				56E1279A1FD3E45500B8877F /* HomeVC.swift in Sources */,
				56241E401FD4115B00C1A828 /* UiViewExt.swift in Sources */,
				563E66DB1FD4344400F8C352 /* customizeUIButton.swift in Sources */,
				56E127981FD3E45500B8877F /* AppDelegate.swift in Sources */,
				56E127A01FD3E45500B8877F /* Goal_Tracker.xcdatamodeld in Sources */,
				56241E341FD3F78D00C1A828 /* HomeCell.swift in Sources */,
				56241E431FD419D600C1A828 /* FinishGoalVC.swift in Sources */,
			);
			runOnlyForDeploymentPostprocessing = 0;
		};
/* End PBXSourcesBuildPhase section */

/* Begin PBXVariantGroup section */
		56E1279B1FD3E45500B8877F /* Main.storyboard */ = {
			isa = PBXVariantGroup;
			children = (
				56E1279C1FD3E45500B8877F /* Base */,
			);
			name = Main.storyboard;
			sourceTree = "<group>";
		};
		56E127A31FD3E45500B8877F /* LaunchScreen.storyboard */ = {
			isa = PBXVariantGroup;
			children = (
				56E127A41FD3E45500B8877F /* Base */,
			);
			name = LaunchScreen.storyboard;
			sourceTree = "<group>";
		};
/* End PBXVariantGroup section */

/* Begin XCBuildConfiguration section */
		56E127A71FD3E45500B8877F /* Debug */ = {
			isa = XCBuildConfiguration;
			buildSettings = {
				ALWAYS_SEARCH_USER_PATHS = NO;
				CLANG_ANALYZER_NONNULL = YES;
				CLANG_ANALYZER_NUMBER_OBJECT_CONVERSION = YES_AGGRESSIVE;
				CLANG_CXX_LANGUAGE_STANDARD = "gnu++14";
				CLANG_CXX_LIBRARY = "libc++";
				CLANG_ENABLE_MODULES = YES;
				CLANG_ENABLE_OBJC_ARC = YES;
				CLANG_WARN_BLOCK_CAPTURE_AUTORELEASING = YES;
				CLANG_WARN_BOOL_CONVERSION = YES;
				CLANG_WARN_COMMA = YES;
				CLANG_WARN_CONSTANT_CONVERSION = YES;
				CLANG_WARN_DIRECT_OBJC_ISA_USAGE = YES_ERROR;
				CLANG_WARN_DOCUMENTATION_COMMENTS = YES;
				CLANG_WARN_EMPTY_BODY = YES;
				CLANG_WARN_ENUM_CONVERSION = YES;
				CLANG_WARN_INFINITE_RECURSION = YES;
				CLANG_WARN_INT_CONVERSION = YES;
				CLANG_WARN_NON_LITERAL_NULL_CONVERSION = YES;
				CLANG_WARN_OBJC_LITERAL_CONVERSION = YES;
				CLANG_WARN_OBJC_ROOT_CLASS = YES_ERROR;
				CLANG_WARN_RANGE_LOOP_ANALYSIS = YES;
				CLANG_WARN_STRICT_PROTOTYPES = YES;
				CLANG_WARN_SUSPICIOUS_MOVE = YES;
				CLANG_WARN_UNGUARDED_AVAILABILITY = YES_AGGRESSIVE;
				CLANG_WARN_UNREACHABLE_CODE = YES;
				CLANG_WARN__DUPLICATE_METHOD_MATCH = YES;
				CODE_SIGN_IDENTITY = "iPhone Developer";
				COPY_PHASE_STRIP = NO;
				DEBUG_INFORMATION_FORMAT = dwarf;
				ENABLE_STRICT_OBJC_MSGSEND = YES;
				ENABLE_TESTABILITY = YES;
				GCC_C_LANGUAGE_STANDARD = gnu11;
				GCC_DYNAMIC_NO_PIC = NO;
				GCC_NO_COMMON_BLOCKS = YES;
				GCC_OPTIMIZATION_LEVEL = 0;
				GCC_PREPROCESSOR_DEFINITIONS = (
					"DEBUG=1",
					"$(inherited)",
				);
				GCC_WARN_64_TO_32_BIT_CONVERSION = YES;
				GCC_WARN_ABOUT_RETURN_TYPE = YES_ERROR;
				GCC_WARN_UNDECLARED_SELECTOR = YES;
				GCC_WARN_UNINITIALIZED_AUTOS = YES_AGGRESSIVE;
				GCC_WARN_UNUSED_FUNCTION = YES;
				GCC_WARN_UNUSED_VARIABLE = YES;
				IPHONEOS_DEPLOYMENT_TARGET = 11.1;
				MTL_ENABLE_DEBUG_INFO = YES;
				ONLY_ACTIVE_ARCH = YES;
				SDKROOT = iphoneos;
				SWIFT_ACTIVE_COMPILATION_CONDITIONS = DEBUG;
				SWIFT_OPTIMIZATION_LEVEL = "-Onone";
			};
			name = Debug;
		};
		56E127A81FD3E45500B8877F /* Release */ = {
			isa = XCBuildConfiguration;
			buildSettings = {
				ALWAYS_SEARCH_USER_PATHS = NO;
				CLANG_ANALYZER_NONNULL = YES;
				CLANG_ANALYZER_NUMBER_OBJECT_CONVERSION = YES_AGGRESSIVE;
				CLANG_CXX_LANGUAGE_STANDARD = "gnu++14";
				CLANG_CXX_LIBRARY = "libc++";
				CLANG_ENABLE_MODULES = YES;
				CLANG_ENABLE_OBJC_ARC = YES;
				CLANG_WARN_BLOCK_CAPTURE_AUTORELEASING = YES;
				CLANG_WARN_BOOL_CONVERSION = YES;
				CLANG_WARN_COMMA = YES;
				CLANG_WARN_CONSTANT_CONVERSION = YES;
				CLANG_WARN_DIRECT_OBJC_ISA_USAGE = YES_ERROR;
				CLANG_WARN_DOCUMENTATION_COMMENTS = YES;
				CLANG_WARN_EMPTY_BODY = YES;
				CLANG_WARN_ENUM_CONVERSION = YES;
				CLANG_WARN_INFINITE_RECURSION = YES;
				CLANG_WARN_INT_CONVERSION = YES;
				CLANG_WARN_NON_LITERAL_NULL_CONVERSION = YES;
				CLANG_WARN_OBJC_LITERAL_CONVERSION = YES;
				CLANG_WARN_OBJC_ROOT_CLASS = YES_ERROR;
				CLANG_WARN_RANGE_LOOP_ANALYSIS = YES;
				CLANG_WARN_STRICT_PROTOTYPES = YES;
				CLANG_WARN_SUSPICIOUS_MOVE = YES;
				CLANG_WARN_UNGUARDED_AVAILABILITY = YES_AGGRESSIVE;
				CLANG_WARN_UNREACHABLE_CODE = YES;
				CLANG_WARN__DUPLICATE_METHOD_MATCH = YES;
				CODE_SIGN_IDENTITY = "iPhone Developer";
				COPY_PHASE_STRIP = NO;
				DEBUG_INFORMATION_FORMAT = "dwarf-with-dsym";
				ENABLE_NS_ASSERTIONS = NO;
				ENABLE_STRICT_OBJC_MSGSEND = YES;
				GCC_C_LANGUAGE_STANDARD = gnu11;
				GCC_NO_COMMON_BLOCKS = YES;
				GCC_WARN_64_TO_32_BIT_CONVERSION = YES;
				GCC_WARN_ABOUT_RETURN_TYPE = YES_ERROR;
				GCC_WARN_UNDECLARED_SELECTOR = YES;
				GCC_WARN_UNINITIALIZED_AUTOS = YES_AGGRESSIVE;
				GCC_WARN_UNUSED_FUNCTION = YES;
				GCC_WARN_UNUSED_VARIABLE = YES;
				IPHONEOS_DEPLOYMENT_TARGET = 11.1;
				MTL_ENABLE_DEBUG_INFO = NO;
				SDKROOT = iphoneos;
				SWIFT_OPTIMIZATION_LEVEL = "-Owholemodule";
				VALIDATE_PRODUCT = YES;
			};
			name = Release;
		};
		56E127AA1FD3E45500B8877F /* Debug */ = {
			isa = XCBuildConfiguration;
			buildSettings = {
				ASSETCATALOG_COMPILER_APPICON_NAME = AppIcon;
				CODE_SIGN_STYLE = Automatic;
				DEVELOPMENT_TEAM = DUBNSGSGKR;
				INFOPLIST_FILE = "Goal Tracker/Info.plist";
				IPHONEOS_DEPLOYMENT_TARGET = 10.3;
				LD_RUNPATH_SEARCH_PATHS = "$(inherited) @executable_path/Frameworks";
				PRODUCT_BUNDLE_IDENTIFIER = "com.Spokhrel.Goal-Tracker";
				PRODUCT_NAME = "$(TARGET_NAME)";
				SWIFT_VERSION = 4.0;
				TARGETED_DEVICE_FAMILY = "1,2";
			};
			name = Debug;
		};
		56E127AB1FD3E45500B8877F /* Release */ = {
			isa = XCBuildConfiguration;
			buildSettings = {
				ASSETCATALOG_COMPILER_APPICON_NAME = AppIcon;
				CODE_SIGN_STYLE = Automatic;
				DEVELOPMENT_TEAM = DUBNSGSGKR;
				INFOPLIST_FILE = "Goal Tracker/Info.plist";
				IPHONEOS_DEPLOYMENT_TARGET = 10.3;
				LD_RUNPATH_SEARCH_PATHS = "$(inherited) @executable_path/Frameworks";
				PRODUCT_BUNDLE_IDENTIFIER = "com.Spokhrel.Goal-Tracker";
				PRODUCT_NAME = "$(TARGET_NAME)";
				SWIFT_VERSION = 4.0;
				TARGETED_DEVICE_FAMILY = "1,2";
			};
			name = Release;
		};
/* End XCBuildConfiguration section */

/* Begin XCConfigurationList section */
		56E1278F1FD3E45500B8877F /* Build configuration list for PBXProject "Goal Tracker" */ = {
			isa = XCConfigurationList;
			buildConfigurations = (
				56E127A71FD3E45500B8877F /* Debug */,
				56E127A81FD3E45500B8877F /* Release */,
			);
			defaultConfigurationIsVisible = 0;
			defaultConfigurationName = Release;
		};
		56E127A91FD3E45500B8877F /* Build configuration list for PBXNativeTarget "Goal Tracker" */ = {
			isa = XCConfigurationList;
			buildConfigurations = (
				56E127AA1FD3E45500B8877F /* Debug */,
				56E127AB1FD3E45500B8877F /* Release */,
			);
			defaultConfigurationIsVisible = 0;
			defaultConfigurationName = Release;
		};
/* End XCConfigurationList section */

/* Begin XCVersionGroup section */
		56E1279E1FD3E45500B8877F /* Goal_Tracker.xcdatamodeld */ = {
			isa = XCVersionGroup;
			children = (
				56E1279F1FD3E45500B8877F /* Goal_Tracker.xcdatamodel */,
			);
			currentVersion = 56E1279F1FD3E45500B8877F /* Goal_Tracker.xcdatamodel */;
			path = Goal_Tracker.xcdatamodeld;
			sourceTree = "<group>";
			versionGroupType = wrapper.xcdatamodel;
		};
/* End XCVersionGroup section */
	};
	rootObject = 56E1278C1FD3E45500B8877F /* Project object */;
}
